// !$*UTF8*$!
{
	archiveVersion = 1;
	classes = {
	};
	objectVersion = 46;
	objects = {

/* Begin PBXBuildFile section */
		59A91AC01D4E01E4007B474E /* AppDelegate.swift in Sources */ = {isa = PBXBuildFile; fileRef = 59A91ABF1D4E01E4007B474E /* AppDelegate.swift */; };
		59A91AC21D4E01E4007B474E /* ViewController.swift in Sources */ = {isa = PBXBuildFile; fileRef = 59A91AC11D4E01E4007B474E /* ViewController.swift */; };
		59A91AC51D4E01E4007B474E /* Main.storyboard in Resources */ = {isa = PBXBuildFile; fileRef = 59A91AC31D4E01E4007B474E /* Main.storyboard */; };
		59A91AC71D4E01E4007B474E /* Assets.xcassets in Resources */ = {isa = PBXBuildFile; fileRef = 59A91AC61D4E01E4007B474E /* Assets.xcassets */; };
		59A91ACA1D4E01E4007B474E /* LaunchScreen.storyboard in Resources */ = {isa = PBXBuildFile; fileRef = 59A91AC81D4E01E4007B474E /* LaunchScreen.storyboard */; };
		59A91AD21D4E0200007B474E /* SecondViewController.swift in Sources */ = {isa = PBXBuildFile; fileRef = 59A91AD11D4E0200007B474E /* SecondViewController.swift */; };
/* End PBXBuildFile section */

/* Begin PBXFileReference section */
		59A91ABC1D4E01E4007B474E /* Scene-Trans01.app */ = {isa = PBXFileReference; explicitFileType = wrapper.application; includeInIndex = 0; path = "Scene-Trans01.app"; sourceTree = BUILT_PRODUCTS_DIR; };
		59A91ABF1D4E01E4007B474E /* AppDelegate.swift */ = {isa = PBXFileReference; lastKnownFileType = sourcecode.swift; path = AppDelegate.swift; sourceTree = "<group>"; };
		59A91AC11D4E01E4007B474E /* ViewController.swift */ = {isa = PBXFileReference; lastKnownFileType = sourcecode.swift; path = ViewController.swift; sourceTree = "<group>"; };
		59A91AC41D4E01E4007B474E /* Base */ = {isa = PBXFileReference; lastKnownFileType = file.storyboard; name = Base; path = Base.lproj/Main.storyboard; sourceTree = "<group>"; };
		59A91AC61D4E01E4007B474E /* Assets.xcassets */ = {isa = PBXFileReference; lastKnownFileType = folder.assetcatalog; path = Assets.xcassets; sourceTree = "<group>"; };
		59A91AC91D4E01E4007B474E /* Base */ = {isa = PBXFileReference; lastKnownFileType = file.storyboard; name = Base; path = Base.lproj/LaunchScreen.storyboard; sourceTree = "<group>"; };
		59A91ACB1D4E01E4007B474E /* Info.plist */ = {isa = PBXFileReference; lastKnownFileType = text.plist.xml; path = Info.plist; sourceTree = "<group>"; };
		59A91AD11D4E0200007B474E /* SecondViewController.swift */ = {isa = PBXFileReference; fileEncoding = 4; lastKnownFileType = sourcecode.swift; path = SecondViewController.swift; sourceTree = "<group>"; };
/* End PBXFileReference section */

/* Begin PBXFrameworksBuildPhase section */
		59A91AB91D4E01E4007B474E /* Frameworks */ = {
			isa = PBXFrameworksBuildPhase;
			buildActionMask = 2147483647;
			files = (
			);
			runOnlyForDeploymentPostprocessing = 0;
		};
/* End PBXFrameworksBuildPhase section */

/* Begin PBXGroup section */
		59A91AB31D4E01E4007B474E = {
			isa = PBXGroup;
			children = (
				59A91ABE1D4E01E4007B474E /* Scene-Trans01 */,
				59A91ABD1D4E01E4007B474E /* Products */,
			);
			sourceTree = "<group>";
		};
		59A91ABD1D4E01E4007B474E /* Products */ = {
			isa = PBXGroup;
			children = (
				59A91ABC1D4E01E4007B474E /* Scene-Trans01.app */,
			);
			name = Products;
			sourceTree = "<group>";
		};
		59A91ABE1D4E01E4007B474E /* Scene-Trans01 */ = {
			isa = PBXGroup;
			children = (
				59A91ABF1D4E01E4007B474E /* AppDelegate.swift */,
				59A91AC11D4E01E4007B474E /* ViewController.swift */,
				59A91AD11D4E0200007B474E /* SecondViewController.swift */,
				59A91AC31D4E01E4007B474E /* Main.storyboard */,
				59A91AC61D4E01E4007B474E /* Assets.xcassets */,
				59A91AC81D4E01E4007B474E /* LaunchScreen.storyboard */,
				59A91ACB1D4E01E4007B474E /* Info.plist */,
			);
			path = "Scene-Trans01";
			sourceTree = "<group>";
		};
/* End PBXGroup section */

/* Begin PBXNativeTarget section */
		59A91ABB1D4E01E4007B474E /* Scene-Trans01 */ = {
			isa = PBXNativeTarget;
			buildConfigurationList = 59A91ACE1D4E01E4007B474E /* Build configuration list for PBXNativeTarget "Scene-Trans01" */;
			buildPhases = (
				59A91AB81D4E01E4007B474E /* Sources */,
				59A91AB91D4E01E4007B474E /* Frameworks */,
				59A91ABA1D4E01E4007B474E /* Resources */,
			);
			buildRules = (
			);
			dependencies = (
			);
			name = "Scene-Trans01";
			productName = "Scene-Trans01";
			productReference = 59A91ABC1D4E01E4007B474E /* Scene-Trans01.app */;
			productType = "com.apple.product-type.application";
		};
/* End PBXNativeTarget section */

/* Begin PBXProject section */
		59A91AB41D4E01E4007B474E /* Project object */ = {
			isa = PBXProject;
			attributes = {
				LastSwiftUpdateCheck = 0800;
				LastUpgradeCheck = 0820;
				ORGANIZATIONNAME = SQLPRO;
				TargetAttributes = {
					59A91ABB1D4E01E4007B474E = {
						CreatedOnToolsVersion = 8.0;
						DevelopmentTeam = HR9USDG23N;
						DevelopmentTeamName = "Lee Jaeeun (Personal Team)";
						ProvisioningStyle = Automatic;
					};
				};
			};
			buildConfigurationList = 59A91AB71D4E01E4007B474E /* Build configuration list for PBXProject "Scene-Trans01" */;
			compatibilityVersion = "Xcode 3.2";
			developmentRegion = English;
			hasScannedForEncodings = 0;
			knownRegions = (
				en,
				Base,
			);
			mainGroup = 59A91AB31D4E01E4007B474E;
			productRefGroup = 59A91ABD1D4E01E4007B474E /* Products */;
			projectDirPath = "";
			projectRoot = "";
			targets = (
				59A91ABB1D4E01E4007B474E /* Scene-Trans01 */,
			);
		};
/* End PBXProject section */

/* Begin PBXResourcesBuildPhase section */
		59A91ABA1D4E01E4007B474E /* Resources */ = {
			isa = PBXResourcesBuildPhase;
			buildActionMask = 2147483647;
			files = (
				59A91ACA1D4E01E4007B474E /* LaunchScreen.storyboard in Resources */,
				59A91AC71D4E01E4007B474E /* Assets.xcassets in Resources */,
				59A91AC51D4E01E4007B474E /* Main.storyboard in Resources */,
			);
			runOnlyForDeploymentPostprocessing = 0;
		};
/* End PBXResourcesBuildPhase section */

/* Begin PBXSourcesBuildPhase section */
		59A91AB81D4E01E4007B474E /* Sources */ = {
			isa = PBXSourcesBuildPhase;
			buildActionMask = 2147483647;
			files = (
				59A91AD21D4E0200007B474E /* SecondViewController.swift in Sources */,
				59A91AC21D4E01E4007B474E /* ViewController.swift in Sources */,
				59A91AC01D4E01E4007B474E /* AppDelegate.swift in Sources */,
			);
			runOnlyForDeploymentPostprocessing = 0;
		};
/* End PBXSourcesBuildPhase section */

/* Begin PBXVariantGroup section */
		59A91AC31D4E01E4007B474E /* Main.storyboard */ = {
			isa = PBXVariantGroup;
			children = (
				59A91AC41D4E01E4007B474E /* Base */,
			);
			name = Main.storyboard;
			sourceTree = "<group>";
		};
		59A91AC81D4E01E4007B474E /* LaunchScreen.storyboard */ = {
			isa = PBXVariantGroup;
			children = (
				59A91AC91D4E01E4007B474E /* Base */,
			);
			name = LaunchScreen.storyboard;
			sourceTree = "<group>";
		};
/* End PBXVariantGroup section */

/* Begin XCBuildConfiguration section */
		59A91ACC1D4E01E4007B474E /* Debug */ = {
			isa = XCBuildConfiguration;
			buildSettings = {
				ALWAYS_SEARCH_USER_PATHS = NO;
				CLANG_ANALYZER_NONNULL = YES;
				CLANG_CXX_LANGUAGE_STANDARD = "gnu++0x";
				CLANG_CXX_LIBRARY = "libc++";
				CLANG_ENABLE_MODULES = YES;
				CLANG_ENABLE_OBJC_ARC = YES;
				CLANG_WARN_BOOL_CONVERSION = YES;
				CLANG_WARN_CONSTANT_CONVERSION = YES;
				CLANG_WARN_DIRECT_OBJC_ISA_USAGE = YES_ERROR;
				CLANG_WARN_DOCUMENTATION_COMMENTS = YES;
				CLANG_WARN_EMPTY_BODY = YES;
				CLANG_WARN_ENUM_CONVERSION = YES;
				CLANG_WARN_INFINITE_RECURSION = YES;
				CLANG_WARN_INT_CONVERSION = YES;
				CLANG_WARN_OBJC_ROOT_CLASS = YES_ERROR;
				CLANG_WARN_SUSPICIOUS_MOVE = YES;
				CLANG_WARN_UNREACHABLE_CODE = YES;
				CLANG_WARN__DUPLICATE_METHOD_MATCH = YES;
				"CODE_SIGN_IDENTITY[sdk=iphoneos*]" = "iPhone Developer";
				COPY_PHASE_STRIP = NO;
				DEBUG_INFORMATION_FORMAT = dwarf;
				ENABLE_STRICT_OBJC_MSGSEND = YES;
				ENABLE_TESTABILITY = YES;
				GCC_C_LANGUAGE_STANDARD = gnu99;
				GCC_DYNAMIC_NO_PIC = NO;
				GCC_NO_COMMON_BLOCKS = YES;
				GCC_OPTIMIZATION_LEVEL = 0;
				GCC_PREPROCESSOR_DEFINITIONS = (
					"DEBUG=1",
					"$(inherited)",
				);
				GCC_WARN_64_TO_32_BIT_CONVERSION = YES;
				GCC_WARN_ABOUT_RETURN_TYPE = YES_ERROR;
				GCC_WARN_UNDECLARED_SELECTOR = YES;
				GCC_WARN_UNINITIALIZED_AUTOS = YES_AGGRESSIVE;
				GCC_WARN_UNUSED_FUNCTION = YES;
				GCC_WARN_UNUSED_VARIABLE = YES;
				IPHONEOS_DEPLOYMENT_TARGET = 10.0;
				MTL_ENABLE_DEBUG_INFO = YES;
				ONLY_ACTIVE_ARCH = YES;
				SDKROOT = iphoneos;
				SWIFT_ACTIVE_COMPILATION_CONDITIONS = DEBUG;
				SWIFT_OPTIMIZATION_LEVEL = "-Onone";
			};
			name = Debug;
		};
		59A91ACD1D4E01E4007B474E /* Release */ = {
			isa = XCBuildConfiguration;
			buildSettings = {
				ALWAYS_SEARCH_USER_PATHS = NO;
				CLANG_ANALYZER_NONNULL = YES;
				CLANG_CXX_LANGUAGE_STANDARD = "gnu++0x";
				CLANG_CXX_LIBRARY = "libc++";
				CLANG_ENABLE_MODULES = YES;
				CLANG_ENABLE_OBJC_ARC = YES;
				CLANG_WARN_BOOL_CONVERSION = YES;
				CLANG_WARN_CONSTANT_CONVERSION = YES;
				CLANG_WARN_DIRECT_OBJC_ISA_USAGE = YES_ERROR;
				CLANG_WARN_DOCUMENTATION_COMMENTS = YES;
				CLANG_WARN_EMPTY_BODY = YES;
				CLANG_WARN_ENUM_CONVERSION = YES;
				CLANG_WARN_INFINITE_RECURSION = YES;
				CLANG_WARN_INT_CONVERSION = YES;
				CLANG_WARN_OBJC_ROOT_CLASS = YES_ERROR;
				CLANG_WARN_SUSPICIOUS_MOVE = YES;
				CLANG_WARN_UNREACHABLE_CODE = YES;
				CLANG_WARN__DUPLICATE_METHOD_MATCH = YES;
				"CODE_SIGN_IDENTITY[sdk=iphoneos*]" = "iPhone Developer";
				COPY_PHASE_STRIP = NO;
				DEBUG_INFORMATION_FORMAT = "dwarf-with-dsym";
				ENABLE_NS_ASSERTIONS = NO;
				ENABLE_STRICT_OBJC_MSGSEND = YES;
				GCC_C_LANGUAGE_STANDARD = gnu99;
				GCC_NO_COMMON_BLOCKS = YES;
				GCC_WARN_64_TO_32_BIT_CONVERSION = YES;
				GCC_WARN_ABOUT_RETURN_TYPE = YES_ERROR;
				GCC_WARN_UNDECLARED_SELECTOR = YES;
				GCC_WARN_UNINITIALIZED_AUTOS = YES_AGGRESSIVE;
				GCC_WARN_UNUSED_FUNCTION = YES;
				GCC_WARN_UNUSED_VARIABLE = YES;
				IPHONEOS_DEPLOYMENT_TARGET = 10.0;
				MTL_ENABLE_DEBUG_INFO = NO;
				SDKROOT = iphoneos;
				SWIFT_OPTIMIZATION_LEVEL = "-Owholemodule";
				VALIDATE_PRODUCT = YES;
			};
			name = Release;
		};
		59A91ACF1D4E01E4007B474E /* Debug */ = {
			isa = XCBuildConfiguration;
			buildSettings = {
				ASSETCATALOG_COMPILER_APPICON_NAME = AppIcon;
				INFOPLIST_FILE = "Scene-Trans01/Info.plist";
				LD_RUNPATH_SEARCH_PATHS = "$(inherited) @executable_path/Frameworks";
				PRODUCT_BUNDLE_IDENTIFIER = "com.sqlpro.Scene-Trans01";
				PRODUCT_NAME = "$(TARGET_NAME)";
				SWIFT_VERSION = 3.0;
			};
			name = Debug;
		};
		59A91AD01D4E01E4007B474E /* Release */ = {
			isa = XCBuildConfiguration;
			buildSettings = {
				ASSETCATALOG_COMPILER_APPICON_NAME = AppIcon;
				INFOPLIST_FILE = "Scene-Trans01/Info.plist";
				LD_RUNPATH_SEARCH_PATHS = "$(inherited) @executable_path/Frameworks";
				PRODUCT_BUNDLE_IDENTIFIER = "com.sqlpro.Scene-Trans01";
				PRODUCT_NAME = "$(TARGET_NAME)";
				SWIFT_VERSION = 3.0;
			};
			name = Release;
		};
/* End XCBuildConfiguration section */

/* Begin XCConfigurationList section */
		59A91AB71D4E01E4007B474E /* Build configuration list for PBXProject "Scene-Trans01" */ = {
			isa = XCConfigurationList;
			buildConfigurations = (
				59A91ACC1D4E01E4007B474E /* Debug */,
				59A91ACD1D4E01E4007B474E /* Release */,
			);
			defaultConfigurationIsVisible = 0;
			defaultConfigurationName = Release;
		};
		59A91ACE1D4E01E4007B474E /* Build configuration list for PBXNativeTarget "Scene-Trans01" */ = {
			isa = XCConfigurationList;
			buildConfigurations = (
				59A91ACF1D4E01E4007B474E /* Debug */,
				59A91AD01D4E01E4007B474E /* Release */,
			);
			defaultConfigurationIsVisible = 0;
			defaultConfigurationName = Release;
		};
/* End XCConfigurationList section */
	};
	rootObject = 59A91AB41D4E01E4007B474E /* Project object */;
}
